
Microsoft Visual Studio Solution File, Format Version 12.00
# Visual Studio Version 17
VisualStudioVersion = 17.7.34018.315
MinimumVisualStudioVersion = 10.0.40219.1
Project("{9A19103F-16F7-4668-BE54-9A1E7A4F7556}") = "LayoutTemplateWebApp", "LayoutTemplateWebApp.csproj", "{3B1650B5-E75E-49D5-B533-B1F98D0A4C1F}"
EndProject
Global
	GlobalSection(SolutionConfigurationPlatforms) = preSolution
		Debug|Any CPU = Debug|Any CPU
		Release|Any CPU = Release|Any CPU
	EndGlobalSection
	GlobalSection(ProjectConfigurationPlatforms) = postSolution
		{3B1650B5-E75E-49D5-B533-B1F98D0A4C1F}.Debug|Any CPU.ActiveCfg = Debug|Any CPU
		{3B1650B5-E75E-49D5-B533-B1F98D0A4C1F}.Debug|Any CPU.Build.0 = Debug|Any CPU
		{3B1650B5-E75E-49D5-B533-B1F98D0A4C1F}.Release|Any CPU.ActiveCfg = Release|Any CPU
		{3B1650B5-E75E-49D5-B533-B1F98D0A4C1F}.Release|Any CPU.Build.0 = Release|Any CPU
	EndGlobalSection
	GlobalSection(SolutionProperties) = preSolution
		HideSolutionNode = FALSE
	EndGlobalSection
	GlobalSection(ExtensibilityGlobals) = postSolution
		SolutionGuid = {4F263EDB-630B-4924-ACEE-07597CD305B3}
	EndGlobalSection
EndGlobal
